// !$*UTF8*$!
{
	archiveVersion = 1;
	classes = {
	};
	objectVersion = 46;
	objects = {

/* Begin PBXBuildFile section */
		274823611C3A265200B30622 /* (null) in Embed Frameworks */ = {isa = PBXBuildFile; settings = {ATTRIBUTES = (CodeSignOnCopy, RemoveHeadersOnCopy, ); }; };
		275BF2DC1C3A40AA006F7A34 /* (null) in Embed Frameworks */ = {isa = PBXBuildFile; settings = {ATTRIBUTES = (CodeSignOnCopy, RemoveHeadersOnCopy, ); }; };
		276CD6BD1C389A0B0091920C /* UIStoryboard+Extensions.swift in Sources */ = {isa = PBXBuildFile; fileRef = 276CD6BC1C389A0B0091920C /* UIStoryboard+Extensions.swift */; };
		276CD6C11C389DCD0091920C /* UIViewController+Extensions.swift in Sources */ = {isa = PBXBuildFile; fileRef = 276CD6C01C389DCD0091920C /* UIViewController+Extensions.swift */; };
		276CD6F11C3902DB0091920C /* Constants.swift in Sources */ = {isa = PBXBuildFile; fileRef = 276CD6F01C3902DB0091920C /* Constants.swift */; };
		277920551C385D40007689A8 /* AppDelegate.swift in Sources */ = {isa = PBXBuildFile; fileRef = 277920541C385D40007689A8 /* AppDelegate.swift */; };
		277920571C385D40007689A8 /* ViewController.swift in Sources */ = {isa = PBXBuildFile; fileRef = 277920561C385D40007689A8 /* ViewController.swift */; };
		2779205C1C385D40007689A8 /* Assets.xcassets in Resources */ = {isa = PBXBuildFile; fileRef = 2779205B1C385D40007689A8 /* Assets.xcassets */; };
		277920671C385D40007689A8 /* DropboxPhotoAlbumTVTests.swift in Sources */ = {isa = PBXBuildFile; fileRef = 277920661C385D40007689A8 /* DropboxPhotoAlbumTVTests.swift */; };
		277920731C385EC9007689A8 /* PhotoManager.swift in Sources */ = {isa = PBXBuildFile; fileRef = 277920721C385EC9007689A8 /* PhotoManager.swift */; };
		277920781C385F03007689A8 /* String+Extensions.swift in Sources */ = {isa = PBXBuildFile; fileRef = 277920761C385F03007689A8 /* String+Extensions.swift */; };
		277920791C385F03007689A8 /* Array+Extensions.swift in Sources */ = {isa = PBXBuildFile; fileRef = 277920771C385F03007689A8 /* Array+Extensions.swift */; };
		2779207C1C385F55007689A8 /* Log.swift in Sources */ = {isa = PBXBuildFile; fileRef = 2779207B1C385F55007689A8 /* Log.swift */; };
		2779207E1C38600C007689A8 /* Main.storyboard in Resources */ = {isa = PBXBuildFile; fileRef = 2779207D1C38600C007689A8 /* Main.storyboard */; };
		277920821C3893A8007689A8 /* AuthenticateViewController.swift in Sources */ = {isa = PBXBuildFile; fileRef = 277920801C3893A8007689A8 /* AuthenticateViewController.swift */; };
		B4A193F9C1D1530F2F382527 /* Pods_DropboxPhotoAlbumTV.framework in Frameworks */ = {isa = PBXBuildFile; fileRef = 6E6AC4B23807C61B61303E17 /* Pods_DropboxPhotoAlbumTV.framework */; };
/* End PBXBuildFile section */

/* Begin PBXContainerItemProxy section */
		277920631C385D40007689A8 /* PBXContainerItemProxy */ = {
			isa = PBXContainerItemProxy;
			containerPortal = 277920491C385D40007689A8 /* Project object */;
			proxyType = 1;
			remoteGlobalIDString = 277920501C385D40007689A8;
			remoteInfo = DropboxPhotoAlbumTV;
		};
/* End PBXContainerItemProxy section */

/* Begin PBXCopyFilesBuildPhase section */
		274823621C3A265200B30622 /* Embed Frameworks */ = {
			isa = PBXCopyFilesBuildPhase;
			buildActionMask = 2147483647;
			dstPath = "";
			dstSubfolderSpec = 10;
			files = (
				275BF2DC1C3A40AA006F7A34 /* (null) in Embed Frameworks */,
				274823611C3A265200B30622 /* (null) in Embed Frameworks */,
			);
			name = "Embed Frameworks";
			runOnlyForDeploymentPostprocessing = 0;
		};
/* End PBXCopyFilesBuildPhase section */

/* Begin PBXFileReference section */
		22BC72E3960514F72CCD7976 /* Pods-DropboxPhotoAlbumTV.debug.xcconfig */ = {isa = PBXFileReference; includeInIndex = 1; lastKnownFileType = text.xcconfig; name = "Pods-DropboxPhotoAlbumTV.debug.xcconfig"; path = "../Pods/Target Support Files/Pods-DropboxPhotoAlbumTV/Pods-DropboxPhotoAlbumTV.debug.xcconfig"; sourceTree = "<group>"; };
		276CD6BC1C389A0B0091920C /* UIStoryboard+Extensions.swift */ = {isa = PBXFileReference; fileEncoding = 4; lastKnownFileType = sourcecode.swift; path = "UIStoryboard+Extensions.swift"; sourceTree = "<group>"; };
		276CD6C01C389DCD0091920C /* UIViewController+Extensions.swift */ = {isa = PBXFileReference; fileEncoding = 4; lastKnownFileType = sourcecode.swift; path = "UIViewController+Extensions.swift"; sourceTree = "<group>"; };
		276CD6F01C3902DB0091920C /* Constants.swift */ = {isa = PBXFileReference; fileEncoding = 4; lastKnownFileType = sourcecode.swift; path = Constants.swift; sourceTree = "<group>"; };
		276CD6F21C3909880091920C /* TVOAuthCircumventAssistant.framework */ = {isa = PBXFileReference; lastKnownFileType = wrapper.framework; name = TVOAuthCircumventAssistant.framework; path = "/Users/garrettrichards/src3/dropboxPhotos/fresh/Pods/../build/Debug-appletvos/TVOAuthCircumventAssistant.framework"; sourceTree = "<absolute>"; };
		276CD6F41C3909A10091920C /* Alamofire.framework */ = {isa = PBXFileReference; lastKnownFileType = wrapper.framework; name = Alamofire.framework; path = "/Users/garrettrichards/src3/dropboxPhotos/fresh/Pods/../build/Debug-appletvos/Alamofire.framework"; sourceTree = "<absolute>"; };
		277920511C385D40007689A8 /* DropboxPhotoAlbumTV.app */ = {isa = PBXFileReference; explicitFileType = wrapper.application; includeInIndex = 0; path = DropboxPhotoAlbumTV.app; sourceTree = BUILT_PRODUCTS_DIR; };
		277920541C385D40007689A8 /* AppDelegate.swift */ = {isa = PBXFileReference; lastKnownFileType = sourcecode.swift; path = AppDelegate.swift; sourceTree = "<group>"; };
		277920561C385D40007689A8 /* ViewController.swift */ = {isa = PBXFileReference; lastKnownFileType = sourcecode.swift; path = ViewController.swift; sourceTree = "<group>"; };
		2779205B1C385D40007689A8 /* Assets.xcassets */ = {isa = PBXFileReference; lastKnownFileType = folder.assetcatalog; path = Assets.xcassets; sourceTree = "<group>"; };
		2779205D1C385D40007689A8 /* Info.plist */ = {isa = PBXFileReference; lastKnownFileType = text.plist.xml; path = Info.plist; sourceTree = "<group>"; };
		277920621C385D40007689A8 /* DropboxPhotoAlbumTVTests.xctest */ = {isa = PBXFileReference; explicitFileType = wrapper.cfbundle; includeInIndex = 0; path = DropboxPhotoAlbumTVTests.xctest; sourceTree = BUILT_PRODUCTS_DIR; };
		277920661C385D40007689A8 /* DropboxPhotoAlbumTVTests.swift */ = {isa = PBXFileReference; lastKnownFileType = sourcecode.swift; path = DropboxPhotoAlbumTVTests.swift; sourceTree = "<group>"; };
		277920681C385D40007689A8 /* Info.plist */ = {isa = PBXFileReference; lastKnownFileType = text.plist.xml; path = Info.plist; sourceTree = "<group>"; };
		277920721C385EC9007689A8 /* PhotoManager.swift */ = {isa = PBXFileReference; fileEncoding = 4; lastKnownFileType = sourcecode.swift; path = PhotoManager.swift; sourceTree = "<group>"; };
		277920761C385F03007689A8 /* String+Extensions.swift */ = {isa = PBXFileReference; fileEncoding = 4; lastKnownFileType = sourcecode.swift; path = "String+Extensions.swift"; sourceTree = "<group>"; };
		277920771C385F03007689A8 /* Array+Extensions.swift */ = {isa = PBXFileReference; fileEncoding = 4; lastKnownFileType = sourcecode.swift; path = "Array+Extensions.swift"; sourceTree = "<group>"; };
		2779207B1C385F55007689A8 /* Log.swift */ = {isa = PBXFileReference; fileEncoding = 4; lastKnownFileType = sourcecode.swift; path = Log.swift; sourceTree = "<group>"; };
		2779207D1C38600C007689A8 /* Main.storyboard */ = {isa = PBXFileReference; fileEncoding = 4; lastKnownFileType = file.storyboard; path = Main.storyboard; sourceTree = "<group>"; };
		277920801C3893A8007689A8 /* AuthenticateViewController.swift */ = {isa = PBXFileReference; fileEncoding = 4; lastKnownFileType = sourcecode.swift; path = AuthenticateViewController.swift; sourceTree = "<group>"; };
		6E6AC4B23807C61B61303E17 /* Pods_DropboxPhotoAlbumTV.framework */ = {isa = PBXFileReference; explicitFileType = wrapper.framework; includeInIndex = 0; path = Pods_DropboxPhotoAlbumTV.framework; sourceTree = BUILT_PRODUCTS_DIR; };
		F806180B2733582D7502B456 /* Pods.framework */ = {isa = PBXFileReference; explicitFileType = wrapper.framework; includeInIndex = 0; path = Pods.framework; sourceTree = BUILT_PRODUCTS_DIR; };
/* End PBXFileReference section */

/* Begin PBXFrameworksBuildPhase section */
		2779204E1C385D40007689A8 /* Frameworks */ = {
			isa = PBXFrameworksBuildPhase;
			buildActionMask = 2147483647;
			files = (
				B4A193F9C1D1530F2F382527 /* Pods_DropboxPhotoAlbumTV.framework in Frameworks */,
			);
			runOnlyForDeploymentPostprocessing = 0;
		};
		2779205F1C385D40007689A8 /* Frameworks */ = {
			isa = PBXFrameworksBuildPhase;
			buildActionMask = 2147483647;
			files = (
			);
			runOnlyForDeploymentPostprocessing = 0;
		};
/* End PBXFrameworksBuildPhase section */

/* Begin PBXGroup section */
		16D8B724B2DC5EE5024218AD /* Pods */ = {
			isa = PBXGroup;
			children = (
				22BC72E3960514F72CCD7976 /* Pods-DropboxPhotoAlbumTV.debug.xcconfig */,
			);
			name = Pods;
			sourceTree = "<group>";
		};
		277920481C385D40007689A8 = {
			isa = PBXGroup;
			children = (
				277920531C385D40007689A8 /* DropboxPhotoAlbumTV */,
				277920651C385D40007689A8 /* DropboxPhotoAlbumTVTests */,
				277920521C385D40007689A8 /* Products */,
				60ED89B17BB68CCCAE980F4B /* Frameworks */,
				16D8B724B2DC5EE5024218AD /* Pods */,
			);
			sourceTree = "<group>";
		};
		277920521C385D40007689A8 /* Products */ = {
			isa = PBXGroup;
			children = (
				277920511C385D40007689A8 /* DropboxPhotoAlbumTV.app */,
				277920621C385D40007689A8 /* DropboxPhotoAlbumTVTests.xctest */,
			);
			name = Products;
			sourceTree = "<group>";
		};
		277920531C385D40007689A8 /* DropboxPhotoAlbumTV */ = {
			isa = PBXGroup;
			children = (
				2779207F1C389383007689A8 /* viewControllers */,
				2779207A1C385F4D007689A8 /* util */,
				277920751C385EF5007689A8 /* extensions */,
				277920711C385EAF007689A8 /* Dropbox Support */,
				277920541C385D40007689A8 /* AppDelegate.swift */,
				277920561C385D40007689A8 /* ViewController.swift */,
				2779207D1C38600C007689A8 /* Main.storyboard */,
				2779205B1C385D40007689A8 /* Assets.xcassets */,
				2779205D1C385D40007689A8 /* Info.plist */,
			);
			path = DropboxPhotoAlbumTV;
			sourceTree = "<group>";
		};
		277920651C385D40007689A8 /* DropboxPhotoAlbumTVTests */ = {
			isa = PBXGroup;
			children = (
				277920661C385D40007689A8 /* DropboxPhotoAlbumTVTests.swift */,
				277920681C385D40007689A8 /* Info.plist */,
			);
			path = DropboxPhotoAlbumTVTests;
			sourceTree = "<group>";
		};
		277920711C385EAF007689A8 /* Dropbox Support */ = {
			isa = PBXGroup;
			children = (
				277920721C385EC9007689A8 /* PhotoManager.swift */,
			);
			name = "Dropbox Support";
			sourceTree = "<group>";
		};
		277920751C385EF5007689A8 /* extensions */ = {
			isa = PBXGroup;
			children = (
				277920761C385F03007689A8 /* String+Extensions.swift */,
				277920771C385F03007689A8 /* Array+Extensions.swift */,
				276CD6BC1C389A0B0091920C /* UIStoryboard+Extensions.swift */,
				276CD6C01C389DCD0091920C /* UIViewController+Extensions.swift */,
			);
			name = extensions;
			sourceTree = "<group>";
		};
		2779207A1C385F4D007689A8 /* util */ = {
			isa = PBXGroup;
			children = (
				2779207B1C385F55007689A8 /* Log.swift */,
				276CD6F01C3902DB0091920C /* Constants.swift */,
			);
			name = util;
			sourceTree = "<group>";
		};
		2779207F1C389383007689A8 /* viewControllers */ = {
			isa = PBXGroup;
			children = (
				277920801C3893A8007689A8 /* AuthenticateViewController.swift */,
			);
			name = viewControllers;
			sourceTree = "<group>";
		};
		60ED89B17BB68CCCAE980F4B /* Frameworks */ = {
			isa = PBXGroup;
			children = (
				276CD6F41C3909A10091920C /* Alamofire.framework */,
				276CD6F21C3909880091920C /* TVOAuthCircumventAssistant.framework */,
				F806180B2733582D7502B456 /* Pods.framework */,
				6E6AC4B23807C61B61303E17 /* Pods_DropboxPhotoAlbumTV.framework */,
			);
			name = Frameworks;
			sourceTree = "<group>";
		};
/* End PBXGroup section */

/* Begin PBXNativeTarget section */
		277920501C385D40007689A8 /* DropboxPhotoAlbumTV */ = {
			isa = PBXNativeTarget;
			buildConfigurationList = 2779206B1C385D40007689A8 /* Build configuration list for PBXNativeTarget "DropboxPhotoAlbumTV" */;
			buildPhases = (
				C24F381011ACAC6A612784D6 /* Check Pods Manifest.lock */,
				2779204D1C385D40007689A8 /* Sources */,
				2779204E1C385D40007689A8 /* Frameworks */,
				2779204F1C385D40007689A8 /* Resources */,
				274823621C3A265200B30622 /* Embed Frameworks */,
				BEF8B7FAF4C48DF3FD38F08F /* Embed Pods Frameworks */,
				9B60B6D2DEF92EE2402A278A /* Copy Pods Resources */,
			);
			buildRules = (
			);
			dependencies = (
			);
			name = DropboxPhotoAlbumTV;
			productName = DropboxPhotoAlbumTV;
			productReference = 277920511C385D40007689A8 /* DropboxPhotoAlbumTV.app */;
			productType = "com.apple.product-type.application";
		};
		277920611C385D40007689A8 /* DropboxPhotoAlbumTVTests */ = {
			isa = PBXNativeTarget;
			buildConfigurationList = 2779206E1C385D40007689A8 /* Build configuration list for PBXNativeTarget "DropboxPhotoAlbumTVTests" */;
			buildPhases = (
				2779205E1C385D40007689A8 /* Sources */,
				2779205F1C385D40007689A8 /* Frameworks */,
				277920601C385D40007689A8 /* Resources */,
			);
			buildRules = (
			);
			dependencies = (
				277920641C385D40007689A8 /* PBXTargetDependency */,
			);
			name = DropboxPhotoAlbumTVTests;
			productName = DropboxPhotoAlbumTVTests;
			productReference = 277920621C385D40007689A8 /* DropboxPhotoAlbumTVTests.xctest */;
			productType = "com.apple.product-type.bundle.unit-test";
		};
/* End PBXNativeTarget section */

/* Begin PBXProject section */
		277920491C385D40007689A8 /* Project object */ = {
			isa = PBXProject;
			attributes = {
				LastSwiftUpdateCheck = 0720;
				LastUpgradeCheck = 0720;
				ORGANIZATIONNAME = "Garrett Richards";
				TargetAttributes = {
					277920501C385D40007689A8 = {
						CreatedOnToolsVersion = 7.2;
						DevelopmentTeam = 4BGY9AUPZS;
					};
					277920611C385D40007689A8 = {
						CreatedOnToolsVersion = 7.2;
						TestTargetID = 277920501C385D40007689A8;
					};
				};
			};
			buildConfigurationList = 2779204C1C385D40007689A8 /* Build configuration list for PBXProject "DropboxPhotoAlbumTV" */;
			compatibilityVersion = "Xcode 3.2";
			developmentRegion = English;
			hasScannedForEncodings = 0;
			knownRegions = (
				en,
				Base,
			);
			mainGroup = 277920481C385D40007689A8;
			productRefGroup = 277920521C385D40007689A8 /* Products */;
			projectDirPath = "";
			projectRoot = "";
			targets = (
				277920501C385D40007689A8 /* DropboxPhotoAlbumTV */,
				277920611C385D40007689A8 /* DropboxPhotoAlbumTVTests */,
			);
		};
/* End PBXProject section */

/* Begin PBXResourcesBuildPhase section */
		2779204F1C385D40007689A8 /* Resources */ = {
			isa = PBXResourcesBuildPhase;
			buildActionMask = 2147483647;
			files = (
				2779207E1C38600C007689A8 /* Main.storyboard in Resources */,
				2779205C1C385D40007689A8 /* Assets.xcassets in Resources */,
			);
			runOnlyForDeploymentPostprocessing = 0;
		};
		277920601C385D40007689A8 /* Resources */ = {
			isa = PBXResourcesBuildPhase;
			buildActionMask = 2147483647;
			files = (
			);
			runOnlyForDeploymentPostprocessing = 0;
		};
/* End PBXResourcesBuildPhase section */

/* Begin PBXShellScriptBuildPhase section */
		9B60B6D2DEF92EE2402A278A /* Copy Pods Resources */ = {
			isa = PBXShellScriptBuildPhase;
			buildActionMask = 2147483647;
			files = (
			);
			inputPaths = (
			);
			name = "Copy Pods Resources";
			outputPaths = (
			);
			runOnlyForDeploymentPostprocessing = 0;
			shellPath = /bin/sh;
			shellScript = "\"${SRCROOT}/../Pods/Target Support Files/Pods-DropboxPhotoAlbumTV/Pods-DropboxPhotoAlbumTV-resources.sh\"\n";
			showEnvVarsInLog = 0;
		};
		BEF8B7FAF4C48DF3FD38F08F /* Embed Pods Frameworks */ = {
			isa = PBXShellScriptBuildPhase;
			buildActionMask = 2147483647;
			files = (
			);
			inputPaths = (
			);
			name = "Embed Pods Frameworks";
			outputPaths = (
			);
			runOnlyForDeploymentPostprocessing = 0;
			shellPath = /bin/sh;
			shellScript = "\"${SRCROOT}/../Pods/Target Support Files/Pods-DropboxPhotoAlbumTV/Pods-DropboxPhotoAlbumTV-frameworks.sh\"\n";
			showEnvVarsInLog = 0;
		};
		C24F381011ACAC6A612784D6 /* Check Pods Manifest.lock */ = {
			isa = PBXShellScriptBuildPhase;
			buildActionMask = 2147483647;
			files = (
			);
			inputPaths = (
			);
			name = "Check Pods Manifest.lock";
			outputPaths = (
			);
			runOnlyForDeploymentPostprocessing = 0;
			shellPath = /bin/sh;
			shellScript = "diff \"${PODS_ROOT}/../Podfile.lock\" \"${PODS_ROOT}/Manifest.lock\" > /dev/null\nif [[ $? != 0 ]] ; then\n    cat << EOM\nerror: The sandbox is not in sync with the Podfile.lock. Run 'pod install' or update your CocoaPods installation.\nEOM\n    exit 1\nfi\n";
			showEnvVarsInLog = 0;
		};
/* End PBXShellScriptBuildPhase section */

/* Begin PBXSourcesBuildPhase section */
		2779204D1C385D40007689A8 /* Sources */ = {
			isa = PBXSourcesBuildPhase;
			buildActionMask = 2147483647;
			files = (
				277920781C385F03007689A8 /* String+Extensions.swift in Sources */,
				277920791C385F03007689A8 /* Array+Extensions.swift in Sources */,
				276CD6BD1C389A0B0091920C /* UIStoryboard+Extensions.swift in Sources */,
				2779207C1C385F55007689A8 /* Log.swift in Sources */,
				276CD6C11C389DCD0091920C /* UIViewController+Extensions.swift in Sources */,
				276CD6F11C3902DB0091920C /* Constants.swift in Sources */,
				277920821C3893A8007689A8 /* AuthenticateViewController.swift in Sources */,
				277920731C385EC9007689A8 /* PhotoManager.swift in Sources */,
				277920571C385D40007689A8 /* ViewController.swift in Sources */,
				277920551C385D40007689A8 /* AppDelegate.swift in Sources */,
			);
			runOnlyForDeploymentPostprocessing = 0;
		};
		2779205E1C385D40007689A8 /* Sources */ = {
			isa = PBXSourcesBuildPhase;
			buildActionMask = 2147483647;
			files = (
				277920671C385D40007689A8 /* DropboxPhotoAlbumTVTests.swift in Sources */,
			);
			runOnlyForDeploymentPostprocessing = 0;
		};
/* End PBXSourcesBuildPhase section */

/* Begin PBXTargetDependency section */
		277920641C385D40007689A8 /* PBXTargetDependency */ = {
			isa = PBXTargetDependency;
			target = 277920501C385D40007689A8 /* DropboxPhotoAlbumTV */;
			targetProxy = 277920631C385D40007689A8 /* PBXContainerItemProxy */;
		};
/* End PBXTargetDependency section */

/* Begin XCBuildConfiguration section */
		277920691C385D40007689A8 /* Debug */ = {
			isa = XCBuildConfiguration;
			buildSettings = {
				ALWAYS_SEARCH_USER_PATHS = NO;
				CLANG_CXX_LANGUAGE_STANDARD = "gnu++0x";
				CLANG_CXX_LIBRARY = "libc++";
				CLANG_ENABLE_MODULES = YES;
				CLANG_ENABLE_OBJC_ARC = YES;
				CLANG_WARN_BOOL_CONVERSION = YES;
				CLANG_WARN_CONSTANT_CONVERSION = YES;
				CLANG_WARN_DIRECT_OBJC_ISA_USAGE = YES_ERROR;
				CLANG_WARN_EMPTY_BODY = YES;
				CLANG_WARN_ENUM_CONVERSION = YES;
				CLANG_WARN_INT_CONVERSION = YES;
				CLANG_WARN_OBJC_ROOT_CLASS = YES_ERROR;
				CLANG_WARN_UNREACHABLE_CODE = YES;
				CLANG_WARN__DUPLICATE_METHOD_MATCH = YES;
				COPY_PHASE_STRIP = NO;
				DEBUG_INFORMATION_FORMAT = dwarf;
				ENABLE_STRICT_OBJC_MSGSEND = YES;
				ENABLE_TESTABILITY = YES;
				GCC_C_LANGUAGE_STANDARD = gnu99;
				GCC_DYNAMIC_NO_PIC = NO;
				GCC_NO_COMMON_BLOCKS = YES;
				GCC_OPTIMIZATION_LEVEL = 0;
				GCC_PREPROCESSOR_DEFINITIONS = (
					"DEBUG=1",
					"$(inherited)",
				);
				GCC_WARN_64_TO_32_BIT_CONVERSION = YES;
				GCC_WARN_ABOUT_RETURN_TYPE = YES_ERROR;
				GCC_WARN_UNDECLARED_SELECTOR = YES;
				GCC_WARN_UNINITIALIZED_AUTOS = YES_AGGRESSIVE;
				GCC_WARN_UNUSED_FUNCTION = YES;
				GCC_WARN_UNUSED_VARIABLE = YES;
				MTL_ENABLE_DEBUG_INFO = YES;
				ONLY_ACTIVE_ARCH = YES;
				SDKROOT = appletvos;
				SWIFT_OPTIMIZATION_LEVEL = "-Onone";
				TARGETED_DEVICE_FAMILY = 3;
				TVOS_DEPLOYMENT_TARGET = 9.1;
			};
			name = Debug;
		};
		2779206C1C385D40007689A8 /* Debug */ = {
			isa = XCBuildConfiguration;
			baseConfigurationReference = 22BC72E3960514F72CCD7976 /* Pods-DropboxPhotoAlbumTV.debug.xcconfig */;
			buildSettings = {
				ASSETCATALOG_COMPILER_APPICON_NAME = "App Icon & Top Shelf Image";
				ASSETCATALOG_COMPILER_LAUNCHIMAGE_NAME = LaunchImage;
				CODE_SIGN_IDENTITY = "iPhone Developer";
				INFOPLIST_FILE = DropboxPhotoAlbumTV/Info.plist;
				LD_RUNPATH_SEARCH_PATHS = "$(inherited) @executable_path/Frameworks";
				PRODUCT_BUNDLE_IDENTIFIER = com.acme.DropboxPhotoAlbumTV;
				PRODUCT_NAME = "$(TARGET_NAME)";
			};
			name = Debug;
		};
		2779206F1C385D40007689A8 /* Debug */ = {
			isa = XCBuildConfiguration;
			buildSettings = {
				BUNDLE_LOADER = "$(TEST_HOST)";
				INFOPLIST_FILE = DropboxPhotoAlbumTVTests/Info.plist;
				LD_RUNPATH_SEARCH_PATHS = "$(inherited) @executable_path/Frameworks @loader_path/Frameworks";
				PRODUCT_BUNDLE_IDENTIFIER = com.acme.DropboxPhotoAlbumTVTests;
				PRODUCT_NAME = "$(TARGET_NAME)";
				TEST_HOST = "$(BUILT_PRODUCTS_DIR)/DropboxPhotoAlbumTV.app/DropboxPhotoAlbumTV";
			};
			name = Debug;
		};
/* End XCBuildConfiguration section */

/* Begin XCConfigurationList section */
		2779204C1C385D40007689A8 /* Build configuration list for PBXProject "DropboxPhotoAlbumTV" */ = {
			isa = XCConfigurationList;
			buildConfigurations = (
				277920691C385D40007689A8 /* Debug */,
			);
			defaultConfigurationIsVisible = 0;
			defaultConfigurationName = Debug;
		};
		2779206B1C385D40007689A8 /* Build configuration list for PBXNativeTarget "DropboxPhotoAlbumTV" */ = {
			isa = XCConfigurationList;
			buildConfigurations = (
				2779206C1C385D40007689A8 /* Debug */,
			);
			defaultConfigurationIsVisible = 0;
			defaultConfigurationName = Debug;
		};
		2779206E1C385D40007689A8 /* Build configuration list for PBXNativeTarget "DropboxPhotoAlbumTVTests" */ = {
			isa = XCConfigurationList;
			buildConfigurations = (
				2779206F1C385D40007689A8 /* Debug */,
			);
			defaultConfigurationIsVisible = 0;
			defaultConfigurationName = Debug;
		};
/* End XCConfigurationList section */
	};
	rootObject = 277920491C385D40007689A8 /* Project object */;
}
